
Microsoft Visual Studio Solution File, Format Version 11.00
# Visual Studio 2010
# SharpDevelop 5.1
Project("{FAE04EC0-301F-11D3-BF4B-00C04F79EFBC}") = "Actividad2_Grafos", "Actividad2_Grafos\Actividad2_Grafos.csproj", "{A86921A1-792F-4AA6-9523-D8B5B92F313B}"
EndProject
Global
	GlobalSection(SolutionConfigurationPlatforms) = preSolution
		Debug|Any CPU = Debug|Any CPU
		Release|Any CPU = Release|Any CPU
	EndGlobalSection
	GlobalSection(ProjectConfigurationPlatforms) = postSolution
		{A86921A1-792F-4AA6-9523-D8B5B92F313B}.Debug|Any CPU.ActiveCfg = Debug|Any CPU
		{A86921A1-792F-4AA6-9523-D8B5B92F313B}.Debug|Any CPU.Build.0 = Debug|Any CPU
		{A86921A1-792F-4AA6-9523-D8B5B92F313B}.Release|Any CPU.ActiveCfg = Release|Any CPU
		{A86921A1-792F-4AA6-9523-D8B5B92F313B}.Release|Any CPU.Build.0 = Release|Any CPU
	EndGlobalSection
EndGlobal
